// !$*UTF8*$!
{
	archiveVersion = 1;
	classes = {
	};
	objectVersion = 55;
	objects = {

/* Begin PBXBuildFile section */
		D525454128790F38005B96A0 /* CryptoTrackerApp.swift in Sources */ = {isa = PBXBuildFile; fileRef = D525454028790F38005B96A0 /* CryptoTrackerApp.swift */; };
		D525454328790F38005B96A0 /* ContentView.swift in Sources */ = {isa = PBXBuildFile; fileRef = D525454228790F38005B96A0 /* ContentView.swift */; };
		D525454828790F3C005B96A0 /* Preview Assets.xcassets in Resources */ = {isa = PBXBuildFile; fileRef = D525454728790F3C005B96A0 /* Preview Assets.xcassets */; };
		D525454F28790FFB005B96A0 /* Assets.xcassets in Resources */ = {isa = PBXBuildFile; fileRef = D525454E28790FFB005B96A0 /* Assets.xcassets */; };
		D525455228791161005B96A0 /* Color.swift in Sources */ = {isa = PBXBuildFile; fileRef = D525455128791161005B96A0 /* Color.swift */; };
		D5AB57DE287E115300DD8864 /* HomeStatsView.swift in Sources */ = {isa = PBXBuildFile; fileRef = D5AB57DD287E115300DD8864 /* HomeStatsView.swift */; };
		D5AB57E0287E17B900DD8864 /* MarketDataModel.swift in Sources */ = {isa = PBXBuildFile; fileRef = D5AB57DF287E17B900DD8864 /* MarketDataModel.swift */; };
		D5AB57E2287E1AA700DD8864 /* MarketDataService.swift in Sources */ = {isa = PBXBuildFile; fileRef = D5AB57E1287E1AA700DD8864 /* MarketDataService.swift */; };
		D5AB57E4287E323C00DD8864 /* PortfolioView.swift in Sources */ = {isa = PBXBuildFile; fileRef = D5AB57E3287E323C00DD8864 /* PortfolioView.swift */; };
		D5AB57E6287E347100DD8864 /* XMarkButton.swift in Sources */ = {isa = PBXBuildFile; fileRef = D5AB57E5287E347100DD8864 /* XMarkButton.swift */; };
		D5AB57E8287E606400DD8864 /* CoinPortfolioRow.swift in Sources */ = {isa = PBXBuildFile; fileRef = D5AB57E7287E606400DD8864 /* CoinPortfolioRow.swift */; };
		D5AB57EB287F1D0800DD8864 /* PortfolioContainer.xcdatamodeld in Sources */ = {isa = PBXBuildFile; fileRef = D5AB57E9287F1D0800DD8864 /* PortfolioContainer.xcdatamodeld */; };
		D5AB57ED287F1DBB00DD8864 /* PortfolioDataService.swift in Sources */ = {isa = PBXBuildFile; fileRef = D5AB57EC287F1DBB00DD8864 /* PortfolioDataService.swift */; };
		D5AB57EF287F743200DD8864 /* HapticManager.swift in Sources */ = {isa = PBXBuildFile; fileRef = D5AB57EE287F743200DD8864 /* HapticManager.swift */; };
		D5AB57F4287F804E00DD8864 /* DetailView.swift in Sources */ = {isa = PBXBuildFile; fileRef = D5AB57F3287F804E00DD8864 /* DetailView.swift */; };
		D5AB57F6287F89F600DD8864 /* Binding.swift in Sources */ = {isa = PBXBuildFile; fileRef = D5AB57F5287F89F600DD8864 /* Binding.swift */; };
		D5AB57F8287FA5E300DD8864 /* Navigation.swift in Sources */ = {isa = PBXBuildFile; fileRef = D5AB57F7287FA5E300DD8864 /* Navigation.swift */; };
		D5AB57FA287FB7C800DD8864 /* HelloView.swift in Sources */ = {isa = PBXBuildFile; fileRef = D5AB57F9287FB7C800DD8864 /* HelloView.swift */; };
		D5C0796C287B96A200084C30 /* HomeView.swift in Sources */ = {isa = PBXBuildFile; fileRef = D5C0796B287B96A200084C30 /* HomeView.swift */; };
		D5C07971287B97E600084C30 /* CircleButtonView.swift in Sources */ = {isa = PBXBuildFile; fileRef = D5C07970287B97E600084C30 /* CircleButtonView.swift */; };
		D5C07973287B9C1500084C30 /* View.swift in Sources */ = {isa = PBXBuildFile; fileRef = D5C07972287B9C1500084C30 /* View.swift */; };
		D5C07975287BA57B00084C30 /* CircleButtonAnimationView.swift in Sources */ = {isa = PBXBuildFile; fileRef = D5C07974287BA57B00084C30 /* CircleButtonAnimationView.swift */; };
		D5C07978287BBDDD00084C30 /* CoinModel.swift in Sources */ = {isa = PBXBuildFile; fileRef = D5C07977287BBDDD00084C30 /* CoinModel.swift */; };
		D5C0797A287BC5DE00084C30 /* CoinRowView.swift in Sources */ = {isa = PBXBuildFile; fileRef = D5C07979287BC5DE00084C30 /* CoinRowView.swift */; };
		D5C0797C287BC63B00084C30 /* PreviewProvider.swift in Sources */ = {isa = PBXBuildFile; fileRef = D5C0797B287BC63B00084C30 /* PreviewProvider.swift */; };
		D5C0797E287BC9F900084C30 /* Double.swift in Sources */ = {isa = PBXBuildFile; fileRef = D5C0797D287BC9F900084C30 /* Double.swift */; };
		D5C07980287BD41100084C30 /* HomeViewModel.swift in Sources */ = {isa = PBXBuildFile; fileRef = D5C0797F287BD41100084C30 /* HomeViewModel.swift */; };
		D5C07983287BDC4500084C30 /* CoinDataService.swift in Sources */ = {isa = PBXBuildFile; fileRef = D5C07982287BDC4500084C30 /* CoinDataService.swift */; };
		D5C07986287BE20100084C30 /* NetworkingManager.swift in Sources */ = {isa = PBXBuildFile; fileRef = D5C07985287BE20100084C30 /* NetworkingManager.swift */; };
		D5C07989287BE6BC00084C30 /* CoinImageView.swift in Sources */ = {isa = PBXBuildFile; fileRef = D5C07988287BE6BC00084C30 /* CoinImageView.swift */; };
		D5C0798B287BFD9E00084C30 /* CoinImageService.swift in Sources */ = {isa = PBXBuildFile; fileRef = D5C0798A287BFD9E00084C30 /* CoinImageService.swift */; };
		D5C0798D287BFED100084C30 /* CoinImageViewModel.swift in Sources */ = {isa = PBXBuildFile; fileRef = D5C0798C287BFED100084C30 /* CoinImageViewModel.swift */; };
		D5C0798F287C66F900084C30 /* LocalFileManager.swift in Sources */ = {isa = PBXBuildFile; fileRef = D5C0798E287C66F900084C30 /* LocalFileManager.swift */; };
		D5C07991287C9CDD00084C30 /* SearchBarView.swift in Sources */ = {isa = PBXBuildFile; fileRef = D5C07990287C9CDD00084C30 /* SearchBarView.swift */; };
		D5C07993287CA0D900084C30 /* UIApplication.swift in Sources */ = {isa = PBXBuildFile; fileRef = D5C07992287CA0D900084C30 /* UIApplication.swift */; };
		D5C07995287CE8E100084C30 /* StastisticModel.swift in Sources */ = {isa = PBXBuildFile; fileRef = D5C07994287CE8E100084C30 /* StastisticModel.swift */; };
		D5C07997287CE9F000084C30 /* StastisticView.swift in Sources */ = {isa = PBXBuildFile; fileRef = D5C07996287CE9F000084C30 /* StastisticView.swift */; };
/* End PBXBuildFile section */

/* Begin PBXFileReference section */
		D525453D28790F38005B96A0 /* Crypto Tracker.app */ = {isa = PBXFileReference; explicitFileType = wrapper.application; includeInIndex = 0; path = "Crypto Tracker.app"; sourceTree = BUILT_PRODUCTS_DIR; };
		D525454028790F38005B96A0 /* CryptoTrackerApp.swift */ = {isa = PBXFileReference; lastKnownFileType = sourcecode.swift; path = CryptoTrackerApp.swift; sourceTree = "<group>"; };
		D525454228790F38005B96A0 /* ContentView.swift */ = {isa = PBXFileReference; lastKnownFileType = sourcecode.swift; path = ContentView.swift; sourceTree = "<group>"; };
		D525454728790F3C005B96A0 /* Preview Assets.xcassets */ = {isa = PBXFileReference; lastKnownFileType = folder.assetcatalog; path = "Preview Assets.xcassets"; sourceTree = "<group>"; };
		D525454E28790FFB005B96A0 /* Assets.xcassets */ = {isa = PBXFileReference; lastKnownFileType = folder.assetcatalog; name = Assets.xcassets; path = ../../../../Downloads/Resources/Assets.xcassets; sourceTree = "<group>"; };
		D525455128791161005B96A0 /* Color.swift */ = {isa = PBXFileReference; lastKnownFileType = sourcecode.swift; path = Color.swift; sourceTree = "<group>"; };
		D5AB57DD287E115300DD8864 /* HomeStatsView.swift */ = {isa = PBXFileReference; lastKnownFileType = sourcecode.swift; path = HomeStatsView.swift; sourceTree = "<group>"; };
		D5AB57DF287E17B900DD8864 /* MarketDataModel.swift */ = {isa = PBXFileReference; lastKnownFileType = sourcecode.swift; path = MarketDataModel.swift; sourceTree = "<group>"; };
		D5AB57E1287E1AA700DD8864 /* MarketDataService.swift */ = {isa = PBXFileReference; lastKnownFileType = sourcecode.swift; path = MarketDataService.swift; sourceTree = "<group>"; };
		D5AB57E3287E323C00DD8864 /* PortfolioView.swift */ = {isa = PBXFileReference; lastKnownFileType = sourcecode.swift; path = PortfolioView.swift; sourceTree = "<group>"; };
		D5AB57E5287E347100DD8864 /* XMarkButton.swift */ = {isa = PBXFileReference; lastKnownFileType = sourcecode.swift; path = XMarkButton.swift; sourceTree = "<group>"; };
		D5AB57E7287E606400DD8864 /* CoinPortfolioRow.swift */ = {isa = PBXFileReference; lastKnownFileType = sourcecode.swift; path = CoinPortfolioRow.swift; sourceTree = "<group>"; };
		D5AB57EA287F1D0800DD8864 /* PortfolioContainer.xcdatamodel */ = {isa = PBXFileReference; lastKnownFileType = wrapper.xcdatamodel; path = PortfolioContainer.xcdatamodel; sourceTree = "<group>"; };
		D5AB57EC287F1DBB00DD8864 /* PortfolioDataService.swift */ = {isa = PBXFileReference; lastKnownFileType = sourcecode.swift; path = PortfolioDataService.swift; sourceTree = "<group>"; };
		D5AB57EE287F743200DD8864 /* HapticManager.swift */ = {isa = PBXFileReference; lastKnownFileType = sourcecode.swift; path = HapticManager.swift; sourceTree = "<group>"; };
		D5AB57F3287F804E00DD8864 /* DetailView.swift */ = {isa = PBXFileReference; lastKnownFileType = sourcecode.swift; path = DetailView.swift; sourceTree = "<group>"; };
		D5AB57F5287F89F600DD8864 /* Binding.swift */ = {isa = PBXFileReference; lastKnownFileType = sourcecode.swift; path = Binding.swift; sourceTree = "<group>"; };
		D5AB57F7287FA5E300DD8864 /* Navigation.swift */ = {isa = PBXFileReference; lastKnownFileType = sourcecode.swift; path = Navigation.swift; sourceTree = "<group>"; };
		D5AB57F9287FB7C800DD8864 /* HelloView.swift */ = {isa = PBXFileReference; lastKnownFileType = sourcecode.swift; path = HelloView.swift; sourceTree = "<group>"; };
		D5C0796B287B96A200084C30 /* HomeView.swift */ = {isa = PBXFileReference; lastKnownFileType = sourcecode.swift; path = HomeView.swift; sourceTree = "<group>"; };
		D5C07970287B97E600084C30 /* CircleButtonView.swift */ = {isa = PBXFileReference; lastKnownFileType = sourcecode.swift; path = CircleButtonView.swift; sourceTree = "<group>"; };
		D5C07972287B9C1500084C30 /* View.swift */ = {isa = PBXFileReference; lastKnownFileType = sourcecode.swift; path = View.swift; sourceTree = "<group>"; };
		D5C07974287BA57B00084C30 /* CircleButtonAnimationView.swift */ = {isa = PBXFileReference; lastKnownFileType = sourcecode.swift; path = CircleButtonAnimationView.swift; sourceTree = "<group>"; };
		D5C07977287BBDDD00084C30 /* CoinModel.swift */ = {isa = PBXFileReference; lastKnownFileType = sourcecode.swift; path = CoinModel.swift; sourceTree = "<group>"; };
		D5C07979287BC5DE00084C30 /* CoinRowView.swift */ = {isa = PBXFileReference; lastKnownFileType = sourcecode.swift; path = CoinRowView.swift; sourceTree = "<group>"; };
		D5C0797B287BC63B00084C30 /* PreviewProvider.swift */ = {isa = PBXFileReference; lastKnownFileType = sourcecode.swift; path = PreviewProvider.swift; sourceTree = "<group>"; };
		D5C0797D287BC9F900084C30 /* Double.swift */ = {isa = PBXFileReference; lastKnownFileType = sourcecode.swift; path = Double.swift; sourceTree = "<group>"; };
		D5C0797F287BD41100084C30 /* HomeViewModel.swift */ = {isa = PBXFileReference; lastKnownFileType = sourcecode.swift; path = HomeViewModel.swift; sourceTree = "<group>"; };
		D5C07982287BDC4500084C30 /* CoinDataService.swift */ = {isa = PBXFileReference; lastKnownFileType = sourcecode.swift; path = CoinDataService.swift; sourceTree = "<group>"; };
		D5C07985287BE20100084C30 /* NetworkingManager.swift */ = {isa = PBXFileReference; lastKnownFileType = sourcecode.swift; path = NetworkingManager.swift; sourceTree = "<group>"; };
		D5C07988287BE6BC00084C30 /* CoinImageView.swift */ = {isa = PBXFileReference; lastKnownFileType = sourcecode.swift; path = CoinImageView.swift; sourceTree = "<group>"; };
		D5C0798A287BFD9E00084C30 /* CoinImageService.swift */ = {isa = PBXFileReference; lastKnownFileType = sourcecode.swift; path = CoinImageService.swift; sourceTree = "<group>"; };
		D5C0798C287BFED100084C30 /* CoinImageViewModel.swift */ = {isa = PBXFileReference; lastKnownFileType = sourcecode.swift; path = CoinImageViewModel.swift; sourceTree = "<group>"; };
		D5C0798E287C66F900084C30 /* LocalFileManager.swift */ = {isa = PBXFileReference; lastKnownFileType = sourcecode.swift; path = LocalFileManager.swift; sourceTree = "<group>"; };
		D5C07990287C9CDD00084C30 /* SearchBarView.swift */ = {isa = PBXFileReference; lastKnownFileType = sourcecode.swift; path = SearchBarView.swift; sourceTree = "<group>"; };
		D5C07992287CA0D900084C30 /* UIApplication.swift */ = {isa = PBXFileReference; lastKnownFileType = sourcecode.swift; path = UIApplication.swift; sourceTree = "<group>"; };
		D5C07994287CE8E100084C30 /* StastisticModel.swift */ = {isa = PBXFileReference; lastKnownFileType = sourcecode.swift; path = StastisticModel.swift; sourceTree = "<group>"; };
		D5C07996287CE9F000084C30 /* StastisticView.swift */ = {isa = PBXFileReference; lastKnownFileType = sourcecode.swift; path = StastisticView.swift; sourceTree = "<group>"; };
/* End PBXFileReference section */

/* Begin PBXFrameworksBuildPhase section */
		D525453A28790F38005B96A0 /* Frameworks */ = {
			isa = PBXFrameworksBuildPhase;
			buildActionMask = 2147483647;
			files = (
			);
			runOnlyForDeploymentPostprocessing = 0;
		};
/* End PBXFrameworksBuildPhase section */

/* Begin PBXGroup section */
		D525453428790F38005B96A0 = {
			isa = PBXGroup;
			children = (
				D525453F28790F38005B96A0 /* CryptoTracker */,
				D525453E28790F38005B96A0 /* Products */,
			);
			sourceTree = "<group>";
		};
		D525453E28790F38005B96A0 /* Products */ = {
			isa = PBXGroup;
			children = (
				D525453D28790F38005B96A0 /* Crypto Tracker.app */,
			);
			name = Products;
			sourceTree = "<group>";
		};
		D525453F28790F38005B96A0 /* CryptoTracker */ = {
			isa = PBXGroup;
			children = (
				D5C07984287BE1E300084C30 /* Utilities */,
				D5C07981287BDC3400084C30 /* Services */,
				D5C07976287BBDBE00084C30 /* Models */,
				D525455028791147005B96A0 /* Extensions */,
				D5C07968287B966A00084C30 /* Core */,
				D525454028790F38005B96A0 /* CryptoTrackerApp.swift */,
				D525454228790F38005B96A0 /* ContentView.swift */,
				D525454E28790FFB005B96A0 /* Assets.xcassets */,
				D525454628790F3C005B96A0 /* Preview Content */,
			);
			path = CryptoTracker;
			sourceTree = "<group>";
		};
		D525454628790F3C005B96A0 /* Preview Content */ = {
			isa = PBXGroup;
			children = (
				D525454728790F3C005B96A0 /* Preview Assets.xcassets */,
			);
			path = "Preview Content";
			sourceTree = "<group>";
		};
		D525455028791147005B96A0 /* Extensions */ = {
			isa = PBXGroup;
			children = (
				D525455128791161005B96A0 /* Color.swift */,
				D5C07972287B9C1500084C30 /* View.swift */,
				D5C0797B287BC63B00084C30 /* PreviewProvider.swift */,
				D5C0797D287BC9F900084C30 /* Double.swift */,
				D5C07992287CA0D900084C30 /* UIApplication.swift */,
				D5AB57F5287F89F600DD8864 /* Binding.swift */,
				D5AB57F7287FA5E300DD8864 /* Navigation.swift */,
			);
			path = Extensions;
			sourceTree = "<group>";
		};
		D5AB57F0287F802400DD8864 /* Detail */ = {
			isa = PBXGroup;
			children = (
				D5AB57F2287F803D00DD8864 /* Views */,
				D5AB57F1287F803500DD8864 /* ViewModels */,
			);
			path = Detail;
			sourceTree = "<group>";
		};
		D5AB57F1287F803500DD8864 /* ViewModels */ = {
			isa = PBXGroup;
			children = (
			);
			path = ViewModels;
			sourceTree = "<group>";
		};
		D5AB57F2287F803D00DD8864 /* Views */ = {
			isa = PBXGroup;
			children = (
				D5AB57F3287F804E00DD8864 /* DetailView.swift */,
				D5AB57F9287FB7C800DD8864 /* HelloView.swift */,
			);
			path = Views;
			sourceTree = "<group>";
		};
		D5C07968287B966A00084C30 /* Core */ = {
			isa = PBXGroup;
			children = (
				D5C0796E287B97CF00084C30 /* Components */,
				D5C0796D287B97A900084C30 /* Home */,
				D5AB57F0287F802400DD8864 /* Detail */,
			);
			path = Core;
			sourceTree = "<group>";
		};
		D5C07969287B968800084C30 /* Views */ = {
			isa = PBXGroup;
			children = (
				D5C0796B287B96A200084C30 /* HomeView.swift */,
				D5C07979287BC5DE00084C30 /* CoinRowView.swift */,
				D5AB57DD287E115300DD8864 /* HomeStatsView.swift */,
				D5AB57E3287E323C00DD8864 /* PortfolioView.swift */,
				D5AB57E7287E606400DD8864 /* CoinPortfolioRow.swift */,
			);
			path = Views;
			sourceTree = "<group>";
		};
		D5C0796A287B968E00084C30 /* ViewModels */ = {
			isa = PBXGroup;
			children = (
				D5C0797F287BD41100084C30 /* HomeViewModel.swift */,
			);
			path = ViewModels;
			sourceTree = "<group>";
		};
		D5C0796D287B97A900084C30 /* Home */ = {
			isa = PBXGroup;
			children = (
				D5C0796A287B968E00084C30 /* ViewModels */,
				D5C07969287B968800084C30 /* Views */,
			);
			path = Home;
			sourceTree = "<group>";
		};
		D5C0796E287B97CF00084C30 /* Components */ = {
			isa = PBXGroup;
			children = (
				D5C07987287BE6AE00084C30 /* CoinImage */,
				D5C0796F287B97D500084C30 /* CircleButton */,
				D5C07990287C9CDD00084C30 /* SearchBarView.swift */,
				D5C07996287CE9F000084C30 /* StastisticView.swift */,
				D5AB57E5287E347100DD8864 /* XMarkButton.swift */,
			);
			path = Components;
			sourceTree = "<group>";
		};
		D5C0796F287B97D500084C30 /* CircleButton */ = {
			isa = PBXGroup;
			children = (
				D5C07970287B97E600084C30 /* CircleButtonView.swift */,
				D5C07974287BA57B00084C30 /* CircleButtonAnimationView.swift */,
			);
			path = CircleButton;
			sourceTree = "<group>";
		};
		D5C07976287BBDBE00084C30 /* Models */ = {
			isa = PBXGroup;
			children = (
				D5C07977287BBDDD00084C30 /* CoinModel.swift */,
				D5C07994287CE8E100084C30 /* StastisticModel.swift */,
				D5AB57DF287E17B900DD8864 /* MarketDataModel.swift */,
				D5AB57E9287F1D0800DD8864 /* PortfolioContainer.xcdatamodeld */,
			);
			path = Models;
			sourceTree = "<group>";
		};
		D5C07981287BDC3400084C30 /* Services */ = {
			isa = PBXGroup;
			children = (
				D5C07982287BDC4500084C30 /* CoinDataService.swift */,
				D5C0798A287BFD9E00084C30 /* CoinImageService.swift */,
				D5AB57E1287E1AA700DD8864 /* MarketDataService.swift */,
				D5AB57EC287F1DBB00DD8864 /* PortfolioDataService.swift */,
			);
			path = Services;
			sourceTree = "<group>";
		};
		D5C07984287BE1E300084C30 /* Utilities */ = {
			isa = PBXGroup;
			children = (
				D5C07985287BE20100084C30 /* NetworkingManager.swift */,
				D5C0798E287C66F900084C30 /* LocalFileManager.swift */,
				D5AB57EE287F743200DD8864 /* HapticManager.swift */,
			);
			path = Utilities;
			sourceTree = "<group>";
		};
		D5C07987287BE6AE00084C30 /* CoinImage */ = {
			isa = PBXGroup;
			children = (
				D5C07988287BE6BC00084C30 /* CoinImageView.swift */,
				D5C0798C287BFED100084C30 /* CoinImageViewModel.swift */,
			);
			path = CoinImage;
			sourceTree = "<group>";
		};
/* End PBXGroup section */

/* Begin PBXNativeTarget section */
		D525453C28790F38005B96A0 /* CryptoTracker */ = {
			isa = PBXNativeTarget;
			buildConfigurationList = D525454B28790F3C005B96A0 /* Build configuration list for PBXNativeTarget "CryptoTracker" */;
			buildPhases = (
				D525453928790F38005B96A0 /* Sources */,
				D525453A28790F38005B96A0 /* Frameworks */,
				D525453B28790F38005B96A0 /* Resources */,
			);
			buildRules = (
			);
			dependencies = (
			);
			name = CryptoTracker;
			productName = CryptoTracker;
			productReference = D525453D28790F38005B96A0 /* Crypto Tracker.app */;
			productType = "com.apple.product-type.application";
		};
/* End PBXNativeTarget section */

/* Begin PBXProject section */
		D525453528790F38005B96A0 /* Project object */ = {
			isa = PBXProject;
			attributes = {
				BuildIndependentTargetsInParallel = 1;
				LastSwiftUpdateCheck = 1310;
				LastUpgradeCheck = 1310;
				TargetAttributes = {
					D525453C28790F38005B96A0 = {
						CreatedOnToolsVersion = 13.1;
					};
				};
			};
			buildConfigurationList = D525453828790F38005B96A0 /* Build configuration list for PBXProject "CryptoTracker" */;
			compatibilityVersion = "Xcode 13.0";
			developmentRegion = en;
			hasScannedForEncodings = 0;
			knownRegions = (
				en,
				Base,
			);
			mainGroup = D525453428790F38005B96A0;
			productRefGroup = D525453E28790F38005B96A0 /* Products */;
			projectDirPath = "";
			projectRoot = "";
			targets = (
				D525453C28790F38005B96A0 /* CryptoTracker */,
			);
		};
/* End PBXProject section */

/* Begin PBXResourcesBuildPhase section */
		D525453B28790F38005B96A0 /* Resources */ = {
			isa = PBXResourcesBuildPhase;
			buildActionMask = 2147483647;
			files = (
				D525454828790F3C005B96A0 /* Preview Assets.xcassets in Resources */,
				D525454F28790FFB005B96A0 /* Assets.xcassets in Resources */,
			);
			runOnlyForDeploymentPostprocessing = 0;
		};
/* End PBXResourcesBuildPhase section */

/* Begin PBXSourcesBuildPhase section */
		D525453928790F38005B96A0 /* Sources */ = {
			isa = PBXSourcesBuildPhase;
			buildActionMask = 2147483647;
			files = (
				D5C0797A287BC5DE00084C30 /* CoinRowView.swift in Sources */,
				D525454328790F38005B96A0 /* ContentView.swift in Sources */,
				D5C07975287BA57B00084C30 /* CircleButtonAnimationView.swift in Sources */,
				D5C0796C287B96A200084C30 /* HomeView.swift in Sources */,
				D5C07973287B9C1500084C30 /* View.swift in Sources */,
				D5AB57E2287E1AA700DD8864 /* MarketDataService.swift in Sources */,
				D5C07983287BDC4500084C30 /* CoinDataService.swift in Sources */,
				D5C07978287BBDDD00084C30 /* CoinModel.swift in Sources */,
				D5AB57E0287E17B900DD8864 /* MarketDataModel.swift in Sources */,
				D525454128790F38005B96A0 /* CryptoTrackerApp.swift in Sources */,
				D5C07995287CE8E100084C30 /* StastisticModel.swift in Sources */,
				D5C07997287CE9F000084C30 /* StastisticView.swift in Sources */,
				D5C07993287CA0D900084C30 /* UIApplication.swift in Sources */,
				D5C0798D287BFED100084C30 /* CoinImageViewModel.swift in Sources */,
				D5AB57E6287E347100DD8864 /* XMarkButton.swift in Sources */,
				D5C07980287BD41100084C30 /* HomeViewModel.swift in Sources */,
				D5AB57E8287E606400DD8864 /* CoinPortfolioRow.swift in Sources */,
				D5AB57DE287E115300DD8864 /* HomeStatsView.swift in Sources */,
				D5AB57ED287F1DBB00DD8864 /* PortfolioDataService.swift in Sources */,
				D5C07971287B97E600084C30 /* CircleButtonView.swift in Sources */,
				D5C0798F287C66F900084C30 /* LocalFileManager.swift in Sources */,
				D5C07991287C9CDD00084C30 /* SearchBarView.swift in Sources */,
				D525455228791161005B96A0 /* Color.swift in Sources */,
				D5AB57EB287F1D0800DD8864 /* PortfolioContainer.xcdatamodeld in Sources */,
				D5C07989287BE6BC00084C30 /* CoinImageView.swift in Sources */,
				D5AB57F8287FA5E300DD8864 /* Navigation.swift in Sources */,
				D5AB57F6287F89F600DD8864 /* Binding.swift in Sources */,
				D5AB57F4287F804E00DD8864 /* DetailView.swift in Sources */,
				D5C0797E287BC9F900084C30 /* Double.swift in Sources */,
				D5C0797C287BC63B00084C30 /* PreviewProvider.swift in Sources */,
				D5C0798B287BFD9E00084C30 /* CoinImageService.swift in Sources */,
				D5C07986287BE20100084C30 /* NetworkingManager.swift in Sources */,
				D5AB57EF287F743200DD8864 /* HapticManager.swift in Sources */,
				D5AB57FA287FB7C800DD8864 /* HelloView.swift in Sources */,
				D5AB57E4287E323C00DD8864 /* PortfolioView.swift in Sources */,
			);
			runOnlyForDeploymentPostprocessing = 0;
		};
/* End PBXSourcesBuildPhase section */

/* Begin XCBuildConfiguration section */
		D525454928790F3C005B96A0 /* Debug */ = {
			isa = XCBuildConfiguration;
			buildSettings = {
				ALWAYS_SEARCH_USER_PATHS = NO;
				CLANG_ANALYZER_NONNULL = YES;
				CLANG_ANALYZER_NUMBER_OBJECT_CONVERSION = YES_AGGRESSIVE;
				CLANG_CXX_LANGUAGE_STANDARD = "gnu++17";
				CLANG_CXX_LIBRARY = "libc++";
				CLANG_ENABLE_MODULES = YES;
				CLANG_ENABLE_OBJC_ARC = YES;
				CLANG_ENABLE_OBJC_WEAK = YES;
				CLANG_WARN_BLOCK_CAPTURE_AUTORELEASING = YES;
				CLANG_WARN_BOOL_CONVERSION = YES;
				CLANG_WARN_COMMA = YES;
				CLANG_WARN_CONSTANT_CONVERSION = YES;
				CLANG_WARN_DEPRECATED_OBJC_IMPLEMENTATIONS = YES;
				CLANG_WARN_DIRECT_OBJC_ISA_USAGE = YES_ERROR;
				CLANG_WARN_DOCUMENTATION_COMMENTS = YES;
				CLANG_WARN_EMPTY_BODY = YES;
				CLANG_WARN_ENUM_CONVERSION = YES;
				CLANG_WARN_INFINITE_RECURSION = YES;
				CLANG_WARN_INT_CONVERSION = YES;
				CLANG_WARN_NON_LITERAL_NULL_CONVERSION = YES;
				CLANG_WARN_OBJC_IMPLICIT_RETAIN_SELF = YES;
				CLANG_WARN_OBJC_LITERAL_CONVERSION = YES;
				CLANG_WARN_OBJC_ROOT_CLASS = YES_ERROR;
				CLANG_WARN_QUOTED_INCLUDE_IN_FRAMEWORK_HEADER = YES;
				CLANG_WARN_RANGE_LOOP_ANALYSIS = YES;
				CLANG_WARN_STRICT_PROTOTYPES = YES;
				CLANG_WARN_SUSPICIOUS_MOVE = YES;
				CLANG_WARN_UNGUARDED_AVAILABILITY = YES_AGGRESSIVE;
				CLANG_WARN_UNREACHABLE_CODE = YES;
				CLANG_WARN__DUPLICATE_METHOD_MATCH = YES;
				COPY_PHASE_STRIP = NO;
				DEBUG_INFORMATION_FORMAT = dwarf;
				ENABLE_STRICT_OBJC_MSGSEND = YES;
				ENABLE_TESTABILITY = YES;
				GCC_C_LANGUAGE_STANDARD = gnu11;
				GCC_DYNAMIC_NO_PIC = NO;
				GCC_NO_COMMON_BLOCKS = YES;
				GCC_OPTIMIZATION_LEVEL = 0;
				GCC_PREPROCESSOR_DEFINITIONS = (
					"DEBUG=1",
					"$(inherited)",
				);
				GCC_WARN_64_TO_32_BIT_CONVERSION = YES;
				GCC_WARN_ABOUT_RETURN_TYPE = YES_ERROR;
				GCC_WARN_UNDECLARED_SELECTOR = YES;
				GCC_WARN_UNINITIALIZED_AUTOS = YES_AGGRESSIVE;
				GCC_WARN_UNUSED_FUNCTION = YES;
				GCC_WARN_UNUSED_VARIABLE = YES;
				IPHONEOS_DEPLOYMENT_TARGET = 15.0;
				MTL_ENABLE_DEBUG_INFO = INCLUDE_SOURCE;
				MTL_FAST_MATH = YES;
				ONLY_ACTIVE_ARCH = YES;
				SDKROOT = iphoneos;
				SWIFT_ACTIVE_COMPILATION_CONDITIONS = DEBUG;
				SWIFT_OPTIMIZATION_LEVEL = "-Onone";
			};
			name = Debug;
		};
		D525454A28790F3C005B96A0 /* Release */ = {
			isa = XCBuildConfiguration;
			buildSettings = {
				ALWAYS_SEARCH_USER_PATHS = NO;
				CLANG_ANALYZER_NONNULL = YES;
				CLANG_ANALYZER_NUMBER_OBJECT_CONVERSION = YES_AGGRESSIVE;
				CLANG_CXX_LANGUAGE_STANDARD = "gnu++17";
				CLANG_CXX_LIBRARY = "libc++";
				CLANG_ENABLE_MODULES = YES;
				CLANG_ENABLE_OBJC_ARC = YES;
				CLANG_ENABLE_OBJC_WEAK = YES;
				CLANG_WARN_BLOCK_CAPTURE_AUTORELEASING = YES;
				CLANG_WARN_BOOL_CONVERSION = YES;
				CLANG_WARN_COMMA = YES;
				CLANG_WARN_CONSTANT_CONVERSION = YES;
				CLANG_WARN_DEPRECATED_OBJC_IMPLEMENTATIONS = YES;
				CLANG_WARN_DIRECT_OBJC_ISA_USAGE = YES_ERROR;
				CLANG_WARN_DOCUMENTATION_COMMENTS = YES;
				CLANG_WARN_EMPTY_BODY = YES;
				CLANG_WARN_ENUM_CONVERSION = YES;
				CLANG_WARN_INFINITE_RECURSION = YES;
				CLANG_WARN_INT_CONVERSION = YES;
				CLANG_WARN_NON_LITERAL_NULL_CONVERSION = YES;
				CLANG_WARN_OBJC_IMPLICIT_RETAIN_SELF = YES;
				CLANG_WARN_OBJC_LITERAL_CONVERSION = YES;
				CLANG_WARN_OBJC_ROOT_CLASS = YES_ERROR;
				CLANG_WARN_QUOTED_INCLUDE_IN_FRAMEWORK_HEADER = YES;
				CLANG_WARN_RANGE_LOOP_ANALYSIS = YES;
				CLANG_WARN_STRICT_PROTOTYPES = YES;
				CLANG_WARN_SUSPICIOUS_MOVE = YES;
				CLANG_WARN_UNGUARDED_AVAILABILITY = YES_AGGRESSIVE;
				CLANG_WARN_UNREACHABLE_CODE = YES;
				CLANG_WARN__DUPLICATE_METHOD_MATCH = YES;
				COPY_PHASE_STRIP = NO;
				DEBUG_INFORMATION_FORMAT = "dwarf-with-dsym";
				ENABLE_NS_ASSERTIONS = NO;
				ENABLE_STRICT_OBJC_MSGSEND = YES;
				GCC_C_LANGUAGE_STANDARD = gnu11;
				GCC_NO_COMMON_BLOCKS = YES;
				GCC_WARN_64_TO_32_BIT_CONVERSION = YES;
				GCC_WARN_ABOUT_RETURN_TYPE = YES_ERROR;
				GCC_WARN_UNDECLARED_SELECTOR = YES;
				GCC_WARN_UNINITIALIZED_AUTOS = YES_AGGRESSIVE;
				GCC_WARN_UNUSED_FUNCTION = YES;
				GCC_WARN_UNUSED_VARIABLE = YES;
				IPHONEOS_DEPLOYMENT_TARGET = 15.0;
				MTL_ENABLE_DEBUG_INFO = NO;
				MTL_FAST_MATH = YES;
				SDKROOT = iphoneos;
				SWIFT_COMPILATION_MODE = wholemodule;
				SWIFT_OPTIMIZATION_LEVEL = "-O";
				VALIDATE_PRODUCT = YES;
			};
			name = Release;
		};
		D525454C28790F3C005B96A0 /* Debug */ = {
			isa = XCBuildConfiguration;
			buildSettings = {
				ASSETCATALOG_COMPILER_APPICON_NAME = AppIcon;
				ASSETCATALOG_COMPILER_GLOBAL_ACCENT_COLOR_NAME = AccentColor;
				CODE_SIGN_STYLE = Automatic;
				CURRENT_PROJECT_VERSION = 1;
				DEVELOPMENT_ASSET_PATHS = "\"CryptoTracker/Preview Content\"";
				DEVELOPMENT_TEAM = 3SRF4ZPDN5;
				ENABLE_PREVIEWS = YES;
				GENERATE_INFOPLIST_FILE = YES;
				INFOPLIST_KEY_UIApplicationSceneManifest_Generation = YES;
				INFOPLIST_KEY_UIApplicationSupportsIndirectInputEvents = YES;
				INFOPLIST_KEY_UILaunchScreen_Generation = YES;
				INFOPLIST_KEY_UISupportedInterfaceOrientations = UIInterfaceOrientationPortrait;
				INFOPLIST_KEY_UISupportedInterfaceOrientations_iPad = "UIInterfaceOrientationPortrait UIInterfaceOrientationPortraitUpsideDown UIInterfaceOrientationLandscapeLeft UIInterfaceOrientationLandscapeRight";
				INFOPLIST_KEY_UISupportedInterfaceOrientations_iPhone = "UIInterfaceOrientationPortrait UIInterfaceOrientationLandscapeLeft UIInterfaceOrientationLandscapeRight";
				LD_RUNPATH_SEARCH_PATHS = (
					"$(inherited)",
					"@executable_path/Frameworks",
				);
				MARKETING_VERSION = 1.0;
				PRODUCT_BUNDLE_IDENTIFIER = com.invoiceeditor;
				PRODUCT_NAME = "Crypto Tracker";
				SWIFT_EMIT_LOC_STRINGS = YES;
				SWIFT_VERSION = 5.0;
				TARGETED_DEVICE_FAMILY = "1,2";
			};
			name = Debug;
		};
		D525454D28790F3C005B96A0 /* Release */ = {
			isa = XCBuildConfiguration;
			buildSettings = {
				ASSETCATALOG_COMPILER_APPICON_NAME = AppIcon;
				ASSETCATALOG_COMPILER_GLOBAL_ACCENT_COLOR_NAME = AccentColor;
				CODE_SIGN_STYLE = Automatic;
				CURRENT_PROJECT_VERSION = 1;
				DEVELOPMENT_ASSET_PATHS = "\"CryptoTracker/Preview Content\"";
				DEVELOPMENT_TEAM = 3SRF4ZPDN5;
				ENABLE_PREVIEWS = YES;
				GENERATE_INFOPLIST_FILE = YES;
				INFOPLIST_KEY_UIApplicationSceneManifest_Generation = YES;
				INFOPLIST_KEY_UIApplicationSupportsIndirectInputEvents = YES;
				INFOPLIST_KEY_UILaunchScreen_Generation = YES;
				INFOPLIST_KEY_UISupportedInterfaceOrientations = UIInterfaceOrientationPortrait;
				INFOPLIST_KEY_UISupportedInterfaceOrientations_iPad = "UIInterfaceOrientationPortrait UIInterfaceOrientationPortraitUpsideDown UIInterfaceOrientationLandscapeLeft UIInterfaceOrientationLandscapeRight";
				INFOPLIST_KEY_UISupportedInterfaceOrientations_iPhone = "UIInterfaceOrientationPortrait UIInterfaceOrientationLandscapeLeft UIInterfaceOrientationLandscapeRight";
				LD_RUNPATH_SEARCH_PATHS = (
					"$(inherited)",
					"@executable_path/Frameworks",
				);
				MARKETING_VERSION = 1.0;
				PRODUCT_BUNDLE_IDENTIFIER = com.invoiceeditor;
				PRODUCT_NAME = "Crypto Tracker";
				SWIFT_EMIT_LOC_STRINGS = YES;
				SWIFT_VERSION = 5.0;
				TARGETED_DEVICE_FAMILY = "1,2";
			};
			name = Release;
		};
/* End XCBuildConfiguration section */

/* Begin XCConfigurationList section */
		D525453828790F38005B96A0 /* Build configuration list for PBXProject "CryptoTracker" */ = {
			isa = XCConfigurationList;
			buildConfigurations = (
				D525454928790F3C005B96A0 /* Debug */,
				D525454A28790F3C005B96A0 /* Release */,
			);
			defaultConfigurationIsVisible = 0;
			defaultConfigurationName = Release;
		};
		D525454B28790F3C005B96A0 /* Build configuration list for PBXNativeTarget "CryptoTracker" */ = {
			isa = XCConfigurationList;
			buildConfigurations = (
				D525454C28790F3C005B96A0 /* Debug */,
				D525454D28790F3C005B96A0 /* Release */,
			);
			defaultConfigurationIsVisible = 0;
			defaultConfigurationName = Release;
		};
/* End XCConfigurationList section */

/* Begin XCVersionGroup section */
		D5AB57E9287F1D0800DD8864 /* PortfolioContainer.xcdatamodeld */ = {
			isa = XCVersionGroup;
			children = (
				D5AB57EA287F1D0800DD8864 /* PortfolioContainer.xcdatamodel */,
			);
			currentVersion = D5AB57EA287F1D0800DD8864 /* PortfolioContainer.xcdatamodel */;
			path = PortfolioContainer.xcdatamodeld;
			sourceTree = "<group>";
			versionGroupType = wrapper.xcdatamodel;
		};
/* End XCVersionGroup section */
	};
	rootObject = D525453528790F38005B96A0 /* Project object */;
}
